
Microsoft Visual Studio Solution File, Format Version 12.00
# Visual Studio Version 16
VisualStudioVersion = 16.0.30611.23
MinimumVisualStudioVersion = 10.0.40219.1
Project("{FAE04EC0-301F-11D3-BF4B-00C04F79EFBC}") = "SchoolOnl", "SchoolOnl\SchoolOnl.csproj", "{127B0DDD-DCCC-40BB-9D18-CD5A0C8A08AF}"
EndProject
Global
	GlobalSection(SolutionConfigurationPlatforms) = preSolution
		Debug|Any CPU = Debug|Any CPU
		Release|Any CPU = Release|Any CPU
	EndGlobalSection
	GlobalSection(ProjectConfigurationPlatforms) = postSolution
		{127B0DDD-DCCC-40BB-9D18-CD5A0C8A08AF}.Debug|Any CPU.ActiveCfg = Debug|Any CPU
		{127B0DDD-DCCC-40BB-9D18-CD5A0C8A08AF}.Debug|Any CPU.Build.0 = Debug|Any CPU
		{127B0DDD-DCCC-40BB-9D18-CD5A0C8A08AF}.Release|Any CPU.ActiveCfg = Release|Any CPU
		{127B0DDD-DCCC-40BB-9D18-CD5A0C8A08AF}.Release|Any CPU.Build.0 = Release|Any CPU
	EndGlobalSection
	GlobalSection(SolutionProperties) = preSolution
		HideSolutionNode = FALSE
	EndGlobalSection
	GlobalSection(ExtensibilityGlobals) = postSolution
		SolutionGuid = {615B10D4-16C9-45EC-8B39-3C77D1E72F46}
	EndGlobalSection
EndGlobal
